<?xml version="1.0" encoding="utf-8"?>
<Project ToolsVersion="4.0" xmlns="http://schemas.microsoft.com/developer/msbuild/2003">
  <ItemGroup>
    <Filter Include="Source Files">
      <UniqueIdentifier>{4FC737F1-C7A5-4376-A066-2A32D752A2FF}</UniqueIdentifier>
      <Extensions>cpp;c;cc;cxx;def;odl;idl;hpj;bat;asm;asmx</Extensions>
    </Filter>
    <Filter Include="Header Files">
      <UniqueIdentifier>{93995380-89BD-4b04-88EB-625FBE52EBFB}</UniqueIdentifier>
      <Extensions>h;hh;hpp;hxx;hm;inl;inc;ipp;xsd</Extensions>
    </Filter>
    <Filter Include="Resource Files">
      <UniqueIdentifier>{67DA6AB6-F800-4c08-8B7A-83BB121AAD01}</UniqueIdentifier>
      <Extensions>rc;ico;cur;bmp;dlg;rc2;rct;bin;rgs;gif;jpg;jpeg;jpe;resx;tiff;tif;png;wav;mfcribbon-ms</Extensions>
    </Filter>
    <Filter Include="Header Files\Nexus">
      <UniqueIdentifier>{c7aefd88-804c-4fb9-aa9f-d523ba87a77d}</UniqueIdentifier>
    </Filter>
    <Filter Include="Source Files\Nexus">
      <UniqueIdentifier>{e2da4ef1-2790-4617-becf-c9315caa5926}</UniqueIdentifier>
    </Filter>
    <Filter Include="Resource Files\Nexus">
      <UniqueIdentifier>{96ae9e62-db32-4c91-99fc-eea2b78f082c}</UniqueIdentifier>
    </Filter>
    <Filter Include="Header Files\Nexus\Graphics">
      <UniqueIdentifier>{49de2861-3907-4257-9234-01f2bfd15b91}</UniqueIdentifier>
    </Filter>
    <Filter Include="Source Files\Nexus\Graphics">
      <UniqueIdentifier>{7193595b-d9b0-45ae-a597-89f6012fb312}</UniqueIdentifier>
    </Filter>
    <Filter Include="Header Files\Nexus\Math">
      <UniqueIdentifier>{aa93e5c8-695e-4b3c-bd38-93540517cbcf}</UniqueIdentifier>
    </Filter>
    <Filter Include="Header Files\Nexus\Audio">
      <UniqueIdentifier>{6d59aa8d-11e0-4c63-9b42-7f0e61f34f30}</UniqueIdentifier>
    </Filter>
    <Filter Include="Source Files\Nexus\Math">
      <UniqueIdentifier>{6eb5ee3a-2372-4ebe-a995-836bd82d3436}</UniqueIdentifier>
    </Filter>
    <Filter Include="Header Files\Nexus\Math\Base">
      <UniqueIdentifier>{6d7d1d45-b4a3-412b-a360-0d3e4d94b0a3}</UniqueIdentifier>
    </Filter>
    <Filter Include="Source Files\Nexus\Audio">
      <UniqueIdentifier>{e608e69f-50ea-4660-a381-5d7a5f0fc2b3}</UniqueIdentifier>
    </Filter>
    <Filter Include="Header Files\Nexus\Graphics\Base">
      <UniqueIdentifier>{2c141406-e73a-4d87-b69e-bd2471fff7d6}</UniqueIdentifier>
    </Filter>
    <Filter Include="Header Files\Nexus\Audio\Base">
      <UniqueIdentifier>{b48bc6b5-ad30-410e-9eec-3b071984d48b}</UniqueIdentifier>
    </Filter>
    <Filter Include="Source Files\Nexus\Graphics\Base">
      <UniqueIdentifier>{64838350-1de2-4761-b2ea-fc1858ce02ae}</UniqueIdentifier>
    </Filter>
    <Filter Include="Resource Files\Nexus\Shaders">
      <UniqueIdentifier>{583bb40a-22a1-472f-ab63-254d9a70e926}</UniqueIdentifier>
    </Filter>
  </ItemGroup>
  <ItemGroup>
    <ClInclude Include="Include\Nexus\Application.hpp">
      <Filter>Header Files\Nexus</Filter>
    </ClInclude>
    <ClInclude Include="Include\Nexus\Exception.hpp">
      <Filter>Header Files\Nexus</Filter>
    </ClInclude>
    <ClInclude Include="Include\Nexus\DebugWriter.hpp">
      <Filter>Header Files\Nexus</Filter>
    </ClInclude>
    <ClInclude Include="Include\Nexus\Macros.hpp">
      <Filter>Header Files\Nexus</Filter>
    </ClInclude>
    <ClInclude Include="Include\Nexus\Keyboard.hpp">
      <Filter>Header Files\Nexus</Filter>
    </ClInclude>
    <ClInclude Include="Include\Nexus\Mouse.hpp">
      <Filter>Header Files\Nexus</Filter>
    </ClInclude>
    <ClInclude Include="Include\Nexus\Timer.hpp">
      <Filter>Header Files\Nexus</Filter>
    </ClInclude>
    <ClInclude Include="Include\Nexus\Graphics\GLDevice.hpp">
      <Filter>Header Files\Nexus\Graphics</Filter>
    </ClInclude>
    <ClInclude Include="Include\Nexus\Audio\ALDevice.hpp">
      <Filter>Header Files\Nexus\Audio</Filter>
    </ClInclude>
    <ClInclude Include="Include\Nexus\Math\Base\Vector.hpp">
      <Filter>Header Files\Nexus\Math\Base</Filter>
    </ClInclude>
    <ClInclude Include="Include\Nexus\Math\Vector3.hpp">
      <Filter>Header Files\Nexus\Math</Filter>
    </ClInclude>
    <ClInclude Include="Include\Nexus\Math\Vector2.hpp">
      <Filter>Header Files\Nexus\Math</Filter>
    </ClInclude>
    <ClInclude Include="Include\Nexus\Math\Vector4.hpp">
      <Filter>Header Files\Nexus\Math</Filter>
    </ClInclude>
    <ClInclude Include="Include\Nexus\Math\Base\Matrix.hpp">
      <Filter>Header Files\Nexus\Math\Base</Filter>
    </ClInclude>
    <ClInclude Include="Include\Nexus\Math\Matrix2.hpp">
      <Filter>Header Files\Nexus\Math</Filter>
    </ClInclude>
    <ClInclude Include="Include\Nexus\Math\Matrix3.hpp">
      <Filter>Header Files\Nexus\Math</Filter>
    </ClInclude>
    <ClInclude Include="Include\Nexus\Math\Matrix4.hpp">
      <Filter>Header Files\Nexus\Math</Filter>
    </ClInclude>
    <ClInclude Include="Include\Nexus\Math\Constants.hpp">
      <Filter>Header Files\Nexus\Math</Filter>
    </ClInclude>
    <ClInclude Include="Include\Nexus\Graphics\GLShader.hpp">
      <Filter>Header Files\Nexus\Graphics</Filter>
    </ClInclude>
    <ClInclude Include="Include\Nexus\Graphics\GLProgram.hpp">
      <Filter>Header Files\Nexus\Graphics</Filter>
    </ClInclude>
    <ClInclude Include="Include\Nexus\Graphics\GLPipeline.hpp">
      <Filter>Header Files\Nexus\Graphics</Filter>
    </ClInclude>
    <ClInclude Include="Include\Nexus\Graphics\Base\GLObject.hpp">
      <Filter>Header Files\Nexus\Graphics\Base</Filter>
    </ClInclude>
    <ClInclude Include="Include\Nexus\Audio\Base\ALObject.hpp">
      <Filter>Header Files\Nexus\Audio\Base</Filter>
    </ClInclude>
    <ClInclude Include="Include\Nexus\ResourceLoader.hpp">
      <Filter>Header Files\Nexus</Filter>
    </ClInclude>
    <ClInclude Include="Include\Nexus\Graphics\GLMessage.hpp">
      <Filter>Header Files\Nexus\Graphics</Filter>
    </ClInclude>
    <ClInclude Include="Include\Nexus\Graphics\GLVertexArray.hpp">
      <Filter>Header Files\Nexus\Graphics</Filter>
    </ClInclude>
    <ClInclude Include="Include\Nexus\Graphics\Base\GLBuffer.hpp">
      <Filter>Header Files\Nexus\Graphics\Base</Filter>
    </ClInclude>
    <ClInclude Include="Include\Nexus\Graphics\GLBuffer.hpp">
      <Filter>Header Files\Nexus\Graphics</Filter>
    </ClInclude>
    <ClInclude Include="Include\Nexus\Graphics\GLType.hpp">
      <Filter>Header Files\Nexus\Graphics</Filter>
    </ClInclude>
    <ClInclude Include="Include\Nexus\Graphics\Base\GLVertexArrayBindingPoint.hpp">
      <Filter>Header Files\Nexus\Graphics\Base</Filter>
    </ClInclude>
    <ClInclude Include="Include\Nexus\Graphics\GLVertexArrayBindingPoint.hpp">
      <Filter>Header Files\Nexus\Graphics</Filter>
    </ClInclude>
    <ClInclude Include="Include\Nexus\Graphics\GLVertexArrayAttribute.hpp">
      <Filter>Header Files\Nexus\Graphics</Filter>
    </ClInclude>
  </ItemGroup>
  <ItemGroup>
    <ClCompile Include="Source\Nexus\Application.cpp">
      <Filter>Source Files\Nexus</Filter>
    </ClCompile>
    <ClCompile Include="Source\Nexus\Exception.cpp">
      <Filter>Source Files\Nexus</Filter>
    </ClCompile>
    <ClCompile Include="Source\Nexus\DebugWriter.cpp">
      <Filter>Source Files\Nexus</Filter>
    </ClCompile>
    <ClCompile Include="Source\Nexus\Keyboard.cpp">
      <Filter>Source Files\Nexus</Filter>
    </ClCompile>
    <ClCompile Include="Source\Nexus\Mouse.cpp">
      <Filter>Source Files\Nexus</Filter>
    </ClCompile>
    <ClCompile Include="Source\Nexus\Timer.cpp">
      <Filter>Source Files\Nexus</Filter>
    </ClCompile>
    <ClCompile Include="Source\Nexus\Graphics\GLDevice.cpp">
      <Filter>Source Files\Nexus\Graphics</Filter>
    </ClCompile>
    <ClCompile Include="Source\Nexus\Audio\ALDevice.cpp">
      <Filter>Source Files\Nexus\Audio</Filter>
    </ClCompile>
    <ClCompile Include="Source\Nexus\Graphics\GLShader.cpp">
      <Filter>Source Files\Nexus\Graphics</Filter>
    </ClCompile>
    <ClCompile Include="Source\Nexus\Graphics\GLProgram.cpp">
      <Filter>Source Files\Nexus\Graphics</Filter>
    </ClCompile>
    <ClCompile Include="Source\Nexus\Graphics\GLPipeline.cpp">
      <Filter>Source Files\Nexus\Graphics</Filter>
    </ClCompile>
    <ClCompile Include="Source\Nexus\Graphics\Base\GLObject.cpp">
      <Filter>Source Files\Nexus\Graphics\Base</Filter>
    </ClCompile>
    <ClCompile Include="Source\Nexus\Graphics\GLMessage.cpp">
      <Filter>Source Files\Nexus\Graphics</Filter>
    </ClCompile>
    <ClCompile Include="Source\Nexus\ResourceLoader.cpp">
      <Filter>Source Files\Nexus</Filter>
    </ClCompile>
    <ClCompile Include="Source\Nexus\Graphics\Base\GLBuffer.cpp">
      <Filter>Source Files\Nexus\Graphics\Base</Filter>
    </ClCompile>
    <ClCompile Include="Source\Nexus\Graphics\GLBuffer.cpp">
      <Filter>Source Files\Nexus\Graphics</Filter>
    </ClCompile>
    <ClCompile Include="Source\Nexus\Graphics\Base\GLVertexArrayBindingPoint.cpp">
      <Filter>Source Files\Nexus\Graphics\Base</Filter>
    </ClCompile>
    <ClCompile Include="Source\Nexus\Graphics\GLVertexArrayBindingPoint.cpp">
      <Filter>Source Files\Nexus\Graphics</Filter>
    </ClCompile>
    <ClCompile Include="Source\Nexus\Graphics\GLVertexArrayAttribute.cpp">
      <Filter>Source Files\Nexus\Graphics</Filter>
    </ClCompile>
    <ClCompile Include="Source\Nexus\Graphics\GLVertexArray.cpp">
      <Filter>Source Files\Nexus\Graphics</Filter>
    </ClCompile>
  </ItemGroup>
</Project>